
Microsoft Visual Studio Solution File, Format Version 12.00
# Visual Studio Version 17
VisualStudioVersion = 17.2.32516.85
MinimumVisualStudioVersion = 10.0.40219.1
Project("{F184B08F-C81C-45F6-A57F-5ABD9991F28F}") = "Prograprueba", "Prograprueba\Prograprueba.vbproj", "{171F0D94-003A-46FB-9AAA-3412BEB9D35C}"
EndProject
Global
	GlobalSection(SolutionConfigurationPlatforms) = preSolution
		Debug|Any CPU = Debug|Any CPU
		Release|Any CPU = Release|Any CPU
	EndGlobalSection
	GlobalSection(ProjectConfigurationPlatforms) = postSolution
		{171F0D94-003A-46FB-9AAA-3412BEB9D35C}.Debug|Any CPU.ActiveCfg = Debug|Any CPU
		{171F0D94-003A-46FB-9AAA-3412BEB9D35C}.Debug|Any CPU.Build.0 = Debug|Any CPU
		{171F0D94-003A-46FB-9AAA-3412BEB9D35C}.Release|Any CPU.ActiveCfg = Release|Any CPU
		{171F0D94-003A-46FB-9AAA-3412BEB9D35C}.Release|Any CPU.Build.0 = Release|Any CPU
	EndGlobalSection
	GlobalSection(SolutionProperties) = preSolution
		HideSolutionNode = FALSE
	EndGlobalSection
	GlobalSection(ExtensibilityGlobals) = postSolution
		SolutionGuid = {17DCEC08-00AF-4C7F-8232-607235D115C3}
	EndGlobalSection
EndGlobal
